
Microsoft Visual Studio Solution File, Format Version 12.00
# Visual Studio Version 17
VisualStudioVersion = 17.2.32602.215
MinimumVisualStudioVersion = 10.0.40219.1
Project("{FAE04EC0-301F-11D3-BF4B-00C04F79EFBC}") = "HouseholdManager", "HouseholdManager\HouseholdManager.csproj", "{79E3A069-62AA-4EDE-AB49-0606E1C01076}"
EndProject
Project("{FAE04EC0-301F-11D3-BF4B-00C04F79EFBC}") = "Models", "Models\Models.csproj", "{F44842EE-A5D8-4094-AB42-DA989AFEE04A}"
EndProject
Project("{FAE04EC0-301F-11D3-BF4B-00C04F79EFBC}") = "EntityDataAccess", "EntityDataAccess\EntityDataAccess.csproj", "{EA899B3E-8B67-4DCE-8656-F54C4023FAF1}"
EndProject
Project("{FAE04EC0-301F-11D3-BF4B-00C04F79EFBC}") = "Interfaces", "Interfaces\Interfaces.csproj", "{E8DC961C-1BAA-4E40-821C-D6F083509763}"
EndProject
Global
	GlobalSection(SolutionConfigurationPlatforms) = preSolution
		Debug|Any CPU = Debug|Any CPU
		Release|Any CPU = Release|Any CPU
	EndGlobalSection
	GlobalSection(ProjectConfigurationPlatforms) = postSolution
		{79E3A069-62AA-4EDE-AB49-0606E1C01076}.Debug|Any CPU.ActiveCfg = Debug|Any CPU
		{79E3A069-62AA-4EDE-AB49-0606E1C01076}.Debug|Any CPU.Build.0 = Debug|Any CPU
		{79E3A069-62AA-4EDE-AB49-0606E1C01076}.Release|Any CPU.ActiveCfg = Release|Any CPU
		{79E3A069-62AA-4EDE-AB49-0606E1C01076}.Release|Any CPU.Build.0 = Release|Any CPU
		{F44842EE-A5D8-4094-AB42-DA989AFEE04A}.Debug|Any CPU.ActiveCfg = Debug|Any CPU
		{F44842EE-A5D8-4094-AB42-DA989AFEE04A}.Debug|Any CPU.Build.0 = Debug|Any CPU
		{F44842EE-A5D8-4094-AB42-DA989AFEE04A}.Release|Any CPU.ActiveCfg = Release|Any CPU
		{F44842EE-A5D8-4094-AB42-DA989AFEE04A}.Release|Any CPU.Build.0 = Release|Any CPU
		{EA899B3E-8B67-4DCE-8656-F54C4023FAF1}.Debug|Any CPU.ActiveCfg = Debug|Any CPU
		{EA899B3E-8B67-4DCE-8656-F54C4023FAF1}.Debug|Any CPU.Build.0 = Debug|Any CPU
		{EA899B3E-8B67-4DCE-8656-F54C4023FAF1}.Release|Any CPU.ActiveCfg = Release|Any CPU
		{EA899B3E-8B67-4DCE-8656-F54C4023FAF1}.Release|Any CPU.Build.0 = Release|Any CPU
		{E8DC961C-1BAA-4E40-821C-D6F083509763}.Debug|Any CPU.ActiveCfg = Debug|Any CPU
		{E8DC961C-1BAA-4E40-821C-D6F083509763}.Debug|Any CPU.Build.0 = Debug|Any CPU
		{E8DC961C-1BAA-4E40-821C-D6F083509763}.Release|Any CPU.ActiveCfg = Release|Any CPU
		{E8DC961C-1BAA-4E40-821C-D6F083509763}.Release|Any CPU.Build.0 = Release|Any CPU
	EndGlobalSection
	GlobalSection(SolutionProperties) = preSolution
		HideSolutionNode = FALSE
	EndGlobalSection
	GlobalSection(ExtensibilityGlobals) = postSolution
		SolutionGuid = {53774139-63AE-4AD4-BA87-18E6C9185A9A}
	EndGlobalSection
EndGlobal
